PODS:
  - caretailbooster_sdk (2.0.2-dev.0):
    - CaRetailBoosterSDK
    - Flutter
  - CaRetailBoosterSDK (1.6.5-dev.0)
  - Flutter (1.0.0)
  - integration_test (0.0.1):
    - Flutter

DEPENDENCIES:
  - caretailbooster_sdk (from `.symlinks/plugins/caretailbooster_sdk/ios`)
  - CaRetailBoosterSDK (from `../../../caretailbooster-sdk-ios`)
  - Flutter (from `Flutter`)
  - integration_test (from `.symlinks/plugins/integration_test/ios`)

EXTERNAL SOURCES:
  caretailbooster_sdk:
    :path: ".symlinks/plugins/caretailbooster_sdk/ios"
  CaRetailBoosterSDK:
    :path: "../../../caretailbooster-sdk-ios"
  Flutter:
    :path: Flutter
  integration_test:
    :path: ".symlinks/plugins/integration_test/ios"

SPEC CHECKSUMS:
  caretailbooster_sdk: b65be4f089bc7727cdc3997cdb2d2663c86ae01f
  CaRetailBoosterSDK: ceebf66e9b210181ed74e1b13e7c3d4bd3ccda86
  Flutter: cabc95a1d2626b1b06e7179b784ebcf0c0cde467
  integration_test: 252f60fa39af5e17c3aa9899d35d908a0721b573

PODFILE CHECKSUM: c76aa3fdeee0f3e0f20d246235dc0e03be8ad234

COCOAPODS: 1.16.2
