{
  "originHash" : "c19cb9b84529f588758fe0c046687eaf367c5e4defe4bd90f835d912f4e9f647",
  "pins" : [
    {
      "identity" : "caretailbooster-sdk-ios",
      "kind" : "remoteSourceControl",
      "location" : "https://github.com/CyberAgentAI/caretailbooster-sdk-ios.git",
      "state" : {
        "revision" : "baa7c9106d2241be1138e22da0cf589a47f5b85a",
        "version" : "0.1.3"
      }
    }
  ],
  "version" : 3
}
