{
  "originHash" : "c19cb9b84529f588758fe0c046687eaf367c5e4defe4bd90f835d912f4e9f647",
  "pins" : [
    {
      "identity" : "caretailbooster-sdk-ios",
      "kind" : "remoteSourceControl",
      "location" : "https://github.com/CyberAgentAI/caretailbooster-sdk-ios.git",
      "state" : {
        "revision" : "6f562d9fd4b9a604f8f1681470df0a24b81b25b2",
        "version" : "1.1.0"
      }
    }
  ],
  "version" : 3
}
