{
  "originHash" : "c19cb9b84529f588758fe0c046687eaf367c5e4defe4bd90f835d912f4e9f647",
  "pins" : [
    {
      "identity" : "caretailbooster-sdk-ios",
      "kind" : "remoteSourceControl",
      "location" : "https://github.com/CyberAgentAI/caretailbooster-sdk-ios.git",
      "state" : {
        "revision" : "487bc48c81ae7d2a1c2b67a15ecb239ac4f5bdf1",
        "version" : "1.2.0"
      }
    }
  ],
  "version" : 3
}
