{
  "originHash" : "3065c8333264207778804dff2ff5aad0017f92c6b939833bc133189d77137298",
  "pins" : [
    {
      "identity" : "caretailbooster-sdk-ios",
      "kind" : "remoteSourceControl",
      "location" : "https://github.com/CyberAgentAI/caretailbooster-sdk-ios.git",
      "state" : {
        "revision" : "6c7b85fa0d14b9aae5554a53f28f1086ac58ba61",
        "version" : "0.1.2"
      }
    }
  ],
  "version" : 3
}
