{
  "pins" : [
    {
      "identity" : "caretailbooster-sdk-ios",
      "kind" : "remoteSourceControl",
      "location" : "https://github.com/CyberAgentAI/caretailbooster-sdk-ios.git",
      "state" : {
        "revision" : "26355832cace46107acce0e049a1e1c06ad9ab8e",
        "version" : "1.0.0"
      }
    }
  ],
  "version" : 2
}
